github.com/jeffotoni/app.plataforma.apistatic v0.0.0-20201008200913-7e3f2b1b76d0 h1:wPUROnxJ8w2urF7xGrF8sS6T7kWVuh7FiUYnsW5VSrw=
github.com/jeffotoni/gcloud.poc v0.0.0-20200827125444-54ae2355e0a0 h1:3wQe5RaRVtPAOIII1704+8Ols/nClN3Tq7KWdEAw6ao=
github.com/jeffotoni/gcloud.poc/gke/ecommerce v0.0.0-20200827125444-54ae2355e0a0 h1:TIJKsQEud/ESS4Cg40t9a5EwDLnhbeznStk96q2y8Ek=
github.com/rakyll/statik v0.1.7 h1:OF3QCZUuyPxuGEP7B4ypUa7sB/iHtqOTDYZXGM8KOdQ=
github.com/rakyll/statik v0.1.7/go.mod h1:AlZONWzMtEnMs7W4e/1LURLiI49pIMmp6V9Unghqrcc=
